// !$*UTF8*$!
{
	archiveVersion = 1;
	classes = {
	};
	objectVersion = 46;
	objects = {

/* Begin PBXBuildFile section */
		954B46731EC3600600DDC7FA /* AppDelegate.swift in Sources */ = {isa = PBXBuildFile; fileRef = 954B46721EC3600600DDC7FA /* AppDelegate.swift */; };
		954B46751EC3600600DDC7FA /* ViewController.swift in Sources */ = {isa = PBXBuildFile; fileRef = 954B46741EC3600600DDC7FA /* ViewController.swift */; };
		954B46781EC3600600DDC7FA /* Main.storyboard in Resources */ = {isa = PBXBuildFile; fileRef = 954B46761EC3600600DDC7FA /* Main.storyboard */; };
		954B467B1EC3600600DDC7FA /* SkyPay.xcdatamodeld in Sources */ = {isa = PBXBuildFile; fileRef = 954B46791EC3600600DDC7FA /* SkyPay.xcdatamodeld */; };
		954B467D1EC3600600DDC7FA /* Assets.xcassets in Resources */ = {isa = PBXBuildFile; fileRef = 954B467C1EC3600600DDC7FA /* Assets.xcassets */; };
		954B46801EC3600600DDC7FA /* LaunchScreen.storyboard in Resources */ = {isa = PBXBuildFile; fileRef = 954B467E1EC3600600DDC7FA /* LaunchScreen.storyboard */; };
/* End PBXBuildFile section */

/* Begin PBXFileReference section */
		954B466F1EC3600600DDC7FA /* SkyPay.app */ = {isa = PBXFileReference; explicitFileType = wrapper.application; includeInIndex = 0; path = SkyPay.app; sourceTree = BUILT_PRODUCTS_DIR; };
		954B46721EC3600600DDC7FA /* AppDelegate.swift */ = {isa = PBXFileReference; lastKnownFileType = sourcecode.swift; path = AppDelegate.swift; sourceTree = "<group>"; };
		954B46741EC3600600DDC7FA /* ViewController.swift */ = {isa = PBXFileReference; lastKnownFileType = sourcecode.swift; path = ViewController.swift; sourceTree = "<group>"; };
		954B46771EC3600600DDC7FA /* Base */ = {isa = PBXFileReference; lastKnownFileType = file.storyboard; name = Base; path = Base.lproj/Main.storyboard; sourceTree = "<group>"; };
		954B467A1EC3600600DDC7FA /* SkyPay.xcdatamodel */ = {isa = PBXFileReference; lastKnownFileType = wrapper.xcdatamodel; path = SkyPay.xcdatamodel; sourceTree = "<group>"; };
		954B467C1EC3600600DDC7FA /* Assets.xcassets */ = {isa = PBXFileReference; lastKnownFileType = folder.assetcatalog; path = Assets.xcassets; sourceTree = "<group>"; };
		954B467F1EC3600600DDC7FA /* Base */ = {isa = PBXFileReference; lastKnownFileType = file.storyboard; name = Base; path = Base.lproj/LaunchScreen.storyboard; sourceTree = "<group>"; };
		954B46811EC3600600DDC7FA /* Info.plist */ = {isa = PBXFileReference; lastKnownFileType = text.plist.xml; path = Info.plist; sourceTree = "<group>"; };
/* End PBXFileReference section */

/* Begin PBXFrameworksBuildPhase section */
		954B466C1EC3600600DDC7FA /* Frameworks */ = {
			isa = PBXFrameworksBuildPhase;
			buildActionMask = 2147483647;
			files = (
			);
			runOnlyForDeploymentPostprocessing = 0;
		};
/* End PBXFrameworksBuildPhase section */

/* Begin PBXGroup section */
		954B46661EC3600600DDC7FA = {
			isa = PBXGroup;
			children = (
				954B46711EC3600600DDC7FA /* SkyPay */,
				954B46701EC3600600DDC7FA /* Products */,
			);
			sourceTree = "<group>";
		};
		954B46701EC3600600DDC7FA /* Products */ = {
			isa = PBXGroup;
			children = (
				954B466F1EC3600600DDC7FA /* SkyPay.app */,
			);
			name = Products;
			sourceTree = "<group>";
		};
		954B46711EC3600600DDC7FA /* SkyPay */ = {
			isa = PBXGroup;
			children = (
				954B46721EC3600600DDC7FA /* AppDelegate.swift */,
				954B46741EC3600600DDC7FA /* ViewController.swift */,
				954B46761EC3600600DDC7FA /* Main.storyboard */,
				954B467C1EC3600600DDC7FA /* Assets.xcassets */,
				954B467E1EC3600600DDC7FA /* LaunchScreen.storyboard */,
				954B46811EC3600600DDC7FA /* Info.plist */,
				954B46791EC3600600DDC7FA /* SkyPay.xcdatamodeld */,
			);
			path = SkyPay;
			sourceTree = "<group>";
		};
/* End PBXGroup section */

/* Begin PBXNativeTarget section */
		954B466E1EC3600600DDC7FA /* SkyPay */ = {
			isa = PBXNativeTarget;
			buildConfigurationList = 954B46841EC3600600DDC7FA /* Build configuration list for PBXNativeTarget "SkyPay" */;
			buildPhases = (
				954B466B1EC3600600DDC7FA /* Sources */,
				954B466C1EC3600600DDC7FA /* Frameworks */,
				954B466D1EC3600600DDC7FA /* Resources */,
			);
			buildRules = (
			);
			dependencies = (
			);
			name = SkyPay;
			productName = SkyPay;
			productReference = 954B466F1EC3600600DDC7FA /* SkyPay.app */;
			productType = "com.apple.product-type.application";
		};
/* End PBXNativeTarget section */

/* Begin PBXProject section */
		954B46671EC3600600DDC7FA /* Project object */ = {
			isa = PBXProject;
			attributes = {
				LastSwiftUpdateCheck = 0820;
				LastUpgradeCheck = 0820;
				ORGANIZATIONNAME = "Saransh Mittal";
				TargetAttributes = {
					954B466E1EC3600600DDC7FA = {
						CreatedOnToolsVersion = 8.2.1;
						DevelopmentTeam = JCRFV5ZL52;
						ProvisioningStyle = Automatic;
					};
				};
			};
			buildConfigurationList = 954B466A1EC3600600DDC7FA /* Build configuration list for PBXProject "SkyPay" */;
			compatibilityVersion = "Xcode 3.2";
			developmentRegion = English;
			hasScannedForEncodings = 0;
			knownRegions = (
				en,
				Base,
			);
			mainGroup = 954B46661EC3600600DDC7FA;
			productRefGroup = 954B46701EC3600600DDC7FA /* Products */;
			projectDirPath = "";
			projectRoot = "";
			targets = (
				954B466E1EC3600600DDC7FA /* SkyPay */,
			);
		};
/* End PBXProject section */

/* Begin PBXResourcesBuildPhase section */
		954B466D1EC3600600DDC7FA /* Resources */ = {
			isa = PBXResourcesBuildPhase;
			buildActionMask = 2147483647;
			files = (
				954B46801EC3600600DDC7FA /* LaunchScreen.storyboard in Resources */,
				954B467D1EC3600600DDC7FA /* Assets.xcassets in Resources */,
				954B46781EC3600600DDC7FA /* Main.storyboard in Resources */,
			);
			runOnlyForDeploymentPostprocessing = 0;
		};
/* End PBXResourcesBuildPhase section */

/* Begin PBXSourcesBuildPhase section */
		954B466B1EC3600600DDC7FA /* Sources */ = {
			isa = PBXSourcesBuildPhase;
			buildActionMask = 2147483647;
			files = (
				954B467B1EC3600600DDC7FA /* SkyPay.xcdatamodeld in Sources */,
				954B46751EC3600600DDC7FA /* ViewController.swift in Sources */,
				954B46731EC3600600DDC7FA /* AppDelegate.swift in Sources */,
			);
			runOnlyForDeploymentPostprocessing = 0;
		};
/* End PBXSourcesBuildPhase section */

/* Begin PBXVariantGroup section */
		954B46761EC3600600DDC7FA /* Main.storyboard */ = {
			isa = PBXVariantGroup;
			children = (
				954B46771EC3600600DDC7FA /* Base */,
			);
			name = Main.storyboard;
			sourceTree = "<group>";
		};
		954B467E1EC3600600DDC7FA /* LaunchScreen.storyboard */ = {
			isa = PBXVariantGroup;
			children = (
				954B467F1EC3600600DDC7FA /* Base */,
			);
			name = LaunchScreen.storyboard;
			sourceTree = "<group>";
		};
/* End PBXVariantGroup section */

/* Begin XCBuildConfiguration section */
		954B46821EC3600600DDC7FA /* Debug */ = {
			isa = XCBuildConfiguration;
			buildSettings = {
				ALWAYS_SEARCH_USER_PATHS = NO;
				CLANG_ANALYZER_NONNULL = YES;
				CLANG_CXX_LANGUAGE_STANDARD = "gnu++0x";
				CLANG_CXX_LIBRARY = "libc++";
				CLANG_ENABLE_MODULES = YES;
				CLANG_ENABLE_OBJC_ARC = YES;
				CLANG_WARN_BOOL_CONVERSION = YES;
				CLANG_WARN_CONSTANT_CONVERSION = YES;
				CLANG_WARN_DIRECT_OBJC_ISA_USAGE = YES_ERROR;
				CLANG_WARN_DOCUMENTATION_COMMENTS = YES;
				CLANG_WARN_EMPTY_BODY = YES;
				CLANG_WARN_ENUM_CONVERSION = YES;
				CLANG_WARN_INFINITE_RECURSION = YES;
				CLANG_WARN_INT_CONVERSION = YES;
				CLANG_WARN_OBJC_ROOT_CLASS = YES_ERROR;
				CLANG_WARN_SUSPICIOUS_MOVE = YES;
				CLANG_WARN_UNREACHABLE_CODE = YES;
				CLANG_WARN__DUPLICATE_METHOD_MATCH = YES;
				"CODE_SIGN_IDENTITY[sdk=iphoneos*]" = "iPhone Developer";
				COPY_PHASE_STRIP = NO;
				DEBUG_INFORMATION_FORMAT = dwarf;
				ENABLE_STRICT_OBJC_MSGSEND = YES;
				ENABLE_TESTABILITY = YES;
				GCC_C_LANGUAGE_STANDARD = gnu99;
				GCC_DYNAMIC_NO_PIC = NO;
				GCC_NO_COMMON_BLOCKS = YES;
				GCC_OPTIMIZATION_LEVEL = 0;
				GCC_PREPROCESSOR_DEFINITIONS = (
					"DEBUG=1",
					"$(inherited)",
				);
				GCC_WARN_64_TO_32_BIT_CONVERSION = YES;
				GCC_WARN_ABOUT_RETURN_TYPE = YES_ERROR;
				GCC_WARN_UNDECLARED_SELECTOR = YES;
				GCC_WARN_UNINITIALIZED_AUTOS = YES_AGGRESSIVE;
				GCC_WARN_UNUSED_FUNCTION = YES;
				GCC_WARN_UNUSED_VARIABLE = YES;
				IPHONEOS_DEPLOYMENT_TARGET = 10.2;
				MTL_ENABLE_DEBUG_INFO = YES;
				ONLY_ACTIVE_ARCH = YES;
				SDKROOT = iphoneos;
				SWIFT_ACTIVE_COMPILATION_CONDITIONS = DEBUG;
				SWIFT_OPTIMIZATION_LEVEL = "-Onone";
			};
			name = Debug;
		};
		954B46831EC3600600DDC7FA /* Release */ = {
			isa = XCBuildConfiguration;
			buildSettings = {
				ALWAYS_SEARCH_USER_PATHS = NO;
				CLANG_ANALYZER_NONNULL = YES;
				CLANG_CXX_LANGUAGE_STANDARD = "gnu++0x";
				CLANG_CXX_LIBRARY = "libc++";
				CLANG_ENABLE_MODULES = YES;
				CLANG_ENABLE_OBJC_ARC = YES;
				CLANG_WARN_BOOL_CONVERSION = YES;
				CLANG_WARN_CONSTANT_CONVERSION = YES;
				CLANG_WARN_DIRECT_OBJC_ISA_USAGE = YES_ERROR;
				CLANG_WARN_DOCUMENTATION_COMMENTS = YES;
				CLANG_WARN_EMPTY_BODY = YES;
				CLANG_WARN_ENUM_CONVERSION = YES;
				CLANG_WARN_INFINITE_RECURSION = YES;
				CLANG_WARN_INT_CONVERSION = YES;
				CLANG_WARN_OBJC_ROOT_CLASS = YES_ERROR;
				CLANG_WARN_SUSPICIOUS_MOVE = YES;
				CLANG_WARN_UNREACHABLE_CODE = YES;
				CLANG_WARN__DUPLICATE_METHOD_MATCH = YES;
				"CODE_SIGN_IDENTITY[sdk=iphoneos*]" = "iPhone Developer";
				COPY_PHASE_STRIP = NO;
				DEBUG_INFORMATION_FORMAT = "dwarf-with-dsym";
				ENABLE_NS_ASSERTIONS = NO;
				ENABLE_STRICT_OBJC_MSGSEND = YES;
				GCC_C_LANGUAGE_STANDARD = gnu99;
				GCC_NO_COMMON_BLOCKS = YES;
				GCC_WARN_64_TO_32_BIT_CONVERSION = YES;
				GCC_WARN_ABOUT_RETURN_TYPE = YES_ERROR;
				GCC_WARN_UNDECLARED_SELECTOR = YES;
				GCC_WARN_UNINITIALIZED_AUTOS = YES_AGGRESSIVE;
				GCC_WARN_UNUSED_FUNCTION = YES;
				GCC_WARN_UNUSED_VARIABLE = YES;
				IPHONEOS_DEPLOYMENT_TARGET = 10.2;
				MTL_ENABLE_DEBUG_INFO = NO;
				SDKROOT = iphoneos;
				SWIFT_OPTIMIZATION_LEVEL = "-Owholemodule";
				VALIDATE_PRODUCT = YES;
			};
			name = Release;
		};
		954B46851EC3600600DDC7FA /* Debug */ = {
			isa = XCBuildConfiguration;
			buildSettings = {
				ASSETCATALOG_COMPILER_APPICON_NAME = AppIcon;
				DEVELOPMENT_TEAM = JCRFV5ZL52;
				INFOPLIST_FILE = SkyPay/Info.plist;
				LD_RUNPATH_SEARCH_PATHS = "$(inherited) @executable_path/Frameworks";
				PRODUCT_BUNDLE_IDENTIFIER = com.skyblue.SkyPay;
				PRODUCT_NAME = "$(TARGET_NAME)";
				SWIFT_VERSION = 3.0;
			};
			name = Debug;
		};
		954B46861EC3600600DDC7FA /* Release */ = {
			isa = XCBuildConfiguration;
			buildSettings = {
				ASSETCATALOG_COMPILER_APPICON_NAME = AppIcon;
				DEVELOPMENT_TEAM = JCRFV5ZL52;
				INFOPLIST_FILE = SkyPay/Info.plist;
				LD_RUNPATH_SEARCH_PATHS = "$(inherited) @executable_path/Frameworks";
				PRODUCT_BUNDLE_IDENTIFIER = com.skyblue.SkyPay;
				PRODUCT_NAME = "$(TARGET_NAME)";
				SWIFT_VERSION = 3.0;
			};
			name = Release;
		};
/* End XCBuildConfiguration section */

/* Begin XCConfigurationList section */
		954B466A1EC3600600DDC7FA /* Build configuration list for PBXProject "SkyPay" */ = {
			isa = XCConfigurationList;
			buildConfigurations = (
				954B46821EC3600600DDC7FA /* Debug */,
				954B46831EC3600600DDC7FA /* Release */,
			);
			defaultConfigurationIsVisible = 0;
			defaultConfigurationName = Release;
		};
		954B46841EC3600600DDC7FA /* Build configuration list for PBXNativeTarget "SkyPay" */ = {
			isa = XCConfigurationList;
			buildConfigurations = (
				954B46851EC3600600DDC7FA /* Debug */,
				954B46861EC3600600DDC7FA /* Release */,
			);
			defaultConfigurationIsVisible = 0;
		};
/* End XCConfigurationList section */

/* Begin XCVersionGroup section */
		954B46791EC3600600DDC7FA /* SkyPay.xcdatamodeld */ = {
			isa = XCVersionGroup;
			children = (
				954B467A1EC3600600DDC7FA /* SkyPay.xcdatamodel */,
			);
			currentVersion = 954B467A1EC3600600DDC7FA /* SkyPay.xcdatamodel */;
			path = SkyPay.xcdatamodeld;
			sourceTree = "<group>";
			versionGroupType = wrapper.xcdatamodel;
		};
/* End XCVersionGroup section */
	};
	rootObject = 954B46671EC3600600DDC7FA /* Project object */;
}
