// !$*UTF8*$!
{
	archiveVersion = 1;
	classes = {
	};
	objectVersion = 46;
	objects = {

/* Begin PBXBuildFile section */
		1BF4289E476B0619FBC5F318 /* Pods_SkyPay.framework in Frameworks */ = {isa = PBXBuildFile; fileRef = BA06760B3901502A1CA72006 /* Pods_SkyPay.framework */; };
		952B2C8A1EDB1A71001C8D50 /* LoginViewController.swift in Sources */ = {isa = PBXBuildFile; fileRef = 952B2C891EDB1A71001C8D50 /* LoginViewController.swift */; };
		952B2C8C1EDB1EAA001C8D50 /* GoogleService-Info.plist in Resources */ = {isa = PBXBuildFile; fileRef = 952B2C8B1EDB1EAA001C8D50 /* GoogleService-Info.plist */; };
		952B2C921EDB38DD001C8D50 /* SF-UI-Display-Medium.otf in Resources */ = {isa = PBXBuildFile; fileRef = 952B2C8F1EDB3862001C8D50 /* SF-UI-Display-Medium.otf */; };
		952B2C931EDB38DD001C8D50 /* SF-UI-Display-Regular.otf in Resources */ = {isa = PBXBuildFile; fileRef = 952B2C901EDB3862001C8D50 /* SF-UI-Display-Regular.otf */; };
		952B2C941EDB38DD001C8D50 /* SF-UI-Display-Thin.otf in Resources */ = {isa = PBXBuildFile; fileRef = 952B2C911EDB3862001C8D50 /* SF-UI-Display-Thin.otf */; };
		953451601EF4793500C17C59 /* StartPageViewController.swift in Sources */ = {isa = PBXBuildFile; fileRef = 9534515F1EF4793500C17C59 /* StartPageViewController.swift */; };
		954B46731EC3600600DDC7FA /* AppDelegate.swift in Sources */ = {isa = PBXBuildFile; fileRef = 954B46721EC3600600DDC7FA /* AppDelegate.swift */; };
		95546CF31F12B82700295A4C /* SWRevealViewController.m in Sources */ = {isa = PBXBuildFile; fileRef = 95546CF11F12B80F00295A4C /* SWRevealViewController.m */; };
		955B90712021BE1900939FFF /* Main.storyboard in Resources */ = {isa = PBXBuildFile; fileRef = 955B906F2021BE1900939FFF /* Main.storyboard */; };
		955B90732021BEAE00939FFF /* LaunchScreen.storyboard in Resources */ = {isa = PBXBuildFile; fileRef = 955B90722021BEAE00939FFF /* LaunchScreen.storyboard */; };
		958072591EEC916F002F7AAC /* ExchangeRateViewController.swift in Sources */ = {isa = PBXBuildFile; fileRef = 958072581EEC916F002F7AAC /* ExchangeRateViewController.swift */; };
		9580725B1EEC9191002F7AAC /* ExchangeRateTableViewCell.swift in Sources */ = {isa = PBXBuildFile; fileRef = 9580725A1EEC9191002F7AAC /* ExchangeRateTableViewCell.swift */; };
		958784E41EDDCEC30088E51F /* DidotHTFB11Bold.ttf in Resources */ = {isa = PBXBuildFile; fileRef = 958784E31EDDCEB70088E51F /* DidotHTFB11Bold.ttf */; };
		95907D571F12AC3D0070C7A5 /* QRCodeReader.swift in Sources */ = {isa = PBXBuildFile; fileRef = 95907D4C1F12AC120070C7A5 /* QRCodeReader.swift */; };
		95907D581F12AC440070C7A5 /* QRCodeReaderResult.swift in Sources */ = {isa = PBXBuildFile; fileRef = 95907D4D1F12AC120070C7A5 /* QRCodeReaderResult.swift */; };
		95907D591F12AC440070C7A5 /* QRCodeReaderView.swift in Sources */ = {isa = PBXBuildFile; fileRef = 95907D4E1F12AC120070C7A5 /* QRCodeReaderView.swift */; };
		95907D5A1F12AC440070C7A5 /* QRCodeReaderViewContainer.swift in Sources */ = {isa = PBXBuildFile; fileRef = 95907D4F1F12AC120070C7A5 /* QRCodeReaderViewContainer.swift */; };
		95907D5B1F12AC440070C7A5 /* QRCodeReaderViewController.swift in Sources */ = {isa = PBXBuildFile; fileRef = 95907D501F12AC120070C7A5 /* QRCodeReaderViewController.swift */; };
		95907D5C1F12AC440070C7A5 /* QRCodeReaderViewControllerBuilder.swift in Sources */ = {isa = PBXBuildFile; fileRef = 95907D511F12AC120070C7A5 /* QRCodeReaderViewControllerBuilder.swift */; };
		95907D5D1F12AC440070C7A5 /* QRCodeReaderViewControllerDelegate.swift in Sources */ = {isa = PBXBuildFile; fileRef = 95907D521F12AC120070C7A5 /* QRCodeReaderViewControllerDelegate.swift */; };
		95907D5E1F12AC440070C7A5 /* ReaderOverlayView.swift in Sources */ = {isa = PBXBuildFile; fileRef = 95907D531F12AC120070C7A5 /* ReaderOverlayView.swift */; };
		95907D5F1F12AC440070C7A5 /* SwitchCameraButton.swift in Sources */ = {isa = PBXBuildFile; fileRef = 95907D541F12AC120070C7A5 /* SwitchCameraButton.swift */; };
		95907D601F12AC440070C7A5 /* ToggleTorchButton.swift in Sources */ = {isa = PBXBuildFile; fileRef = 95907D551F12AC120070C7A5 /* ToggleTorchButton.swift */; };
		959755B21EF502BF003E1F26 /* Constants.swift in Sources */ = {isa = PBXBuildFile; fileRef = 959755B11EF502BF003E1F26 /* Constants.swift */; };
		959755B41EF54628003E1F26 /* TransactionHistoryTableViewCell.swift in Sources */ = {isa = PBXBuildFile; fileRef = 959755B31EF54628003E1F26 /* TransactionHistoryTableViewCell.swift */; };
		959755B61EF553DA003E1F26 /* sendBitcoinViewController.swift in Sources */ = {isa = PBXBuildFile; fileRef = 959755B51EF553DA003E1F26 /* sendBitcoinViewController.swift */; };
		95AA3F191F03D75800286581 /* SignupViewController.swift in Sources */ = {isa = PBXBuildFile; fileRef = 95EDD58E1F03D58B002AADC4 /* SignupViewController.swift */; };
		95B4D7831EC3738D00CB0F6F /* Assets.xcassets in Resources */ = {isa = PBXBuildFile; fileRef = 95B4D7821EC3738D00CB0F6F /* Assets.xcassets */; };
		95BB05821EF5B78A00223C88 /* RippleEffect.swift in Sources */ = {isa = PBXBuildFile; fileRef = 95BB05811EF5B78A00223C88 /* RippleEffect.swift */; };
		95D23A2C1EF6F2DF00F256F2 /* ProfileViewController.swift in Sources */ = {isa = PBXBuildFile; fileRef = 95D23A2B1EF6F2DF00F256F2 /* ProfileViewController.swift */; };
		95F0175A202DBAAA002B4660 /* NetworkEngine.swift in Sources */ = {isa = PBXBuildFile; fileRef = 95F01759202DBAAA002B4660 /* NetworkEngine.swift */; };
		95F0179A2031EB26002B4660 /* utlis.swift in Sources */ = {isa = PBXBuildFile; fileRef = 95F017992031EB26002B4660 /* utlis.swift */; };
/* End PBXBuildFile section */

/* Begin PBXFileReference section */
		761B2BB808D25716E92BFADA /* Pods-SkyPay.debug.xcconfig */ = {isa = PBXFileReference; includeInIndex = 1; lastKnownFileType = text.xcconfig; name = "Pods-SkyPay.debug.xcconfig"; path = "Pods/Target Support Files/Pods-SkyPay/Pods-SkyPay.debug.xcconfig"; sourceTree = "<group>"; };
		952B2C891EDB1A71001C8D50 /* LoginViewController.swift */ = {isa = PBXFileReference; fileEncoding = 4; lastKnownFileType = sourcecode.swift; path = LoginViewController.swift; sourceTree = "<group>"; };
		952B2C8B1EDB1EAA001C8D50 /* GoogleService-Info.plist */ = {isa = PBXFileReference; fileEncoding = 4; lastKnownFileType = text.plist.xml; path = "GoogleService-Info.plist"; sourceTree = "<group>"; };
		952B2C8F1EDB3862001C8D50 /* SF-UI-Display-Medium.otf */ = {isa = PBXFileReference; lastKnownFileType = file.bplist; path = "SF-UI-Display-Medium.otf"; sourceTree = "<group>"; };
		952B2C901EDB3862001C8D50 /* SF-UI-Display-Regular.otf */ = {isa = PBXFileReference; lastKnownFileType = file.bplist; path = "SF-UI-Display-Regular.otf"; sourceTree = "<group>"; };
		952B2C911EDB3862001C8D50 /* SF-UI-Display-Thin.otf */ = {isa = PBXFileReference; lastKnownFileType = file; path = "SF-UI-Display-Thin.otf"; sourceTree = "<group>"; };
		9534515F1EF4793500C17C59 /* StartPageViewController.swift */ = {isa = PBXFileReference; lastKnownFileType = sourcecode.swift; path = StartPageViewController.swift; sourceTree = "<group>"; };
		954B466F1EC3600600DDC7FA /* SkyPay.app */ = {isa = PBXFileReference; explicitFileType = wrapper.application; includeInIndex = 0; path = SkyPay.app; sourceTree = BUILT_PRODUCTS_DIR; };
		954B46721EC3600600DDC7FA /* AppDelegate.swift */ = {isa = PBXFileReference; lastKnownFileType = sourcecode.swift; path = AppDelegate.swift; sourceTree = "<group>"; };
		954B46811EC3600600DDC7FA /* Info.plist */ = {isa = PBXFileReference; lastKnownFileType = text.plist.xml; path = Info.plist; sourceTree = "<group>"; };
		95546CF11F12B80F00295A4C /* SWRevealViewController.m */ = {isa = PBXFileReference; lastKnownFileType = sourcecode.c.objc; path = SWRevealViewController.m; sourceTree = "<group>"; };
		95546CF21F12B80F00295A4C /* SWRevealViewController.h */ = {isa = PBXFileReference; lastKnownFileType = sourcecode.c.h; path = SWRevealViewController.h; sourceTree = "<group>"; };
		955B906F2021BE1900939FFF /* Main.storyboard */ = {isa = PBXFileReference; fileEncoding = 4; lastKnownFileType = file.storyboard; path = Main.storyboard; sourceTree = "<group>"; };
		955B90722021BEAE00939FFF /* LaunchScreen.storyboard */ = {isa = PBXFileReference; lastKnownFileType = file.storyboard; path = LaunchScreen.storyboard; sourceTree = "<group>"; };
		958072581EEC916F002F7AAC /* ExchangeRateViewController.swift */ = {isa = PBXFileReference; lastKnownFileType = sourcecode.swift; path = ExchangeRateViewController.swift; sourceTree = "<group>"; };
		9580725A1EEC9191002F7AAC /* ExchangeRateTableViewCell.swift */ = {isa = PBXFileReference; fileEncoding = 4; lastKnownFileType = sourcecode.swift; path = ExchangeRateTableViewCell.swift; sourceTree = "<group>"; };
		958784E31EDDCEB70088E51F /* DidotHTFB11Bold.ttf */ = {isa = PBXFileReference; lastKnownFileType = file; path = DidotHTFB11Bold.ttf; sourceTree = "<group>"; };
		958D36D72038199600DEA6A8 /* SpyPay-Bridging-Header.h */ = {isa = PBXFileReference; lastKnownFileType = sourcecode.c.h; path = "SpyPay-Bridging-Header.h"; sourceTree = "<group>"; };
		95907D4C1F12AC120070C7A5 /* QRCodeReader.swift */ = {isa = PBXFileReference; lastKnownFileType = sourcecode.swift; path = QRCodeReader.swift; sourceTree = "<group>"; };
		95907D4D1F12AC120070C7A5 /* QRCodeReaderResult.swift */ = {isa = PBXFileReference; lastKnownFileType = sourcecode.swift; path = QRCodeReaderResult.swift; sourceTree = "<group>"; };
		95907D4E1F12AC120070C7A5 /* QRCodeReaderView.swift */ = {isa = PBXFileReference; lastKnownFileType = sourcecode.swift; path = QRCodeReaderView.swift; sourceTree = "<group>"; };
		95907D4F1F12AC120070C7A5 /* QRCodeReaderViewContainer.swift */ = {isa = PBXFileReference; lastKnownFileType = sourcecode.swift; path = QRCodeReaderViewContainer.swift; sourceTree = "<group>"; };
		95907D501F12AC120070C7A5 /* QRCodeReaderViewController.swift */ = {isa = PBXFileReference; lastKnownFileType = sourcecode.swift; path = QRCodeReaderViewController.swift; sourceTree = "<group>"; };
		95907D511F12AC120070C7A5 /* QRCodeReaderViewControllerBuilder.swift */ = {isa = PBXFileReference; lastKnownFileType = sourcecode.swift; path = QRCodeReaderViewControllerBuilder.swift; sourceTree = "<group>"; };
		95907D521F12AC120070C7A5 /* QRCodeReaderViewControllerDelegate.swift */ = {isa = PBXFileReference; lastKnownFileType = sourcecode.swift; path = QRCodeReaderViewControllerDelegate.swift; sourceTree = "<group>"; };
		95907D531F12AC120070C7A5 /* ReaderOverlayView.swift */ = {isa = PBXFileReference; lastKnownFileType = sourcecode.swift; path = ReaderOverlayView.swift; sourceTree = "<group>"; };
		95907D541F12AC120070C7A5 /* SwitchCameraButton.swift */ = {isa = PBXFileReference; lastKnownFileType = sourcecode.swift; path = SwitchCameraButton.swift; sourceTree = "<group>"; };
		95907D551F12AC120070C7A5 /* ToggleTorchButton.swift */ = {isa = PBXFileReference; lastKnownFileType = sourcecode.swift; path = ToggleTorchButton.swift; sourceTree = "<group>"; };
		959755B11EF502BF003E1F26 /* Constants.swift */ = {isa = PBXFileReference; lastKnownFileType = sourcecode.swift; path = Constants.swift; sourceTree = "<group>"; };
		959755B31EF54628003E1F26 /* TransactionHistoryTableViewCell.swift */ = {isa = PBXFileReference; lastKnownFileType = sourcecode.swift; path = TransactionHistoryTableViewCell.swift; sourceTree = "<group>"; };
		959755B51EF553DA003E1F26 /* sendBitcoinViewController.swift */ = {isa = PBXFileReference; lastKnownFileType = sourcecode.swift; path = sendBitcoinViewController.swift; sourceTree = "<group>"; };
		95B4D7821EC3738D00CB0F6F /* Assets.xcassets */ = {isa = PBXFileReference; lastKnownFileType = folder.assetcatalog; name = Assets.xcassets; path = SkyPay/Assets.xcassets; sourceTree = SOURCE_ROOT; };
		95BB05811EF5B78A00223C88 /* RippleEffect.swift */ = {isa = PBXFileReference; lastKnownFileType = sourcecode.swift; path = RippleEffect.swift; sourceTree = "<group>"; };
		95D23A2B1EF6F2DF00F256F2 /* ProfileViewController.swift */ = {isa = PBXFileReference; lastKnownFileType = sourcecode.swift; path = ProfileViewController.swift; sourceTree = "<group>"; };
		95EDD58E1F03D58B002AADC4 /* SignupViewController.swift */ = {isa = PBXFileReference; lastKnownFileType = sourcecode.swift; path = SignupViewController.swift; sourceTree = "<group>"; };
		95F01759202DBAAA002B4660 /* NetworkEngine.swift */ = {isa = PBXFileReference; lastKnownFileType = sourcecode.swift; path = NetworkEngine.swift; sourceTree = "<group>"; };
		95F017992031EB26002B4660 /* utlis.swift */ = {isa = PBXFileReference; lastKnownFileType = sourcecode.swift; path = utlis.swift; sourceTree = "<group>"; };
		BA06760B3901502A1CA72006 /* Pods_SkyPay.framework */ = {isa = PBXFileReference; explicitFileType = wrapper.framework; includeInIndex = 0; path = Pods_SkyPay.framework; sourceTree = BUILT_PRODUCTS_DIR; };
		FF71008EC60809AB3177F88A /* Pods-SkyPay.release.xcconfig */ = {isa = PBXFileReference; includeInIndex = 1; lastKnownFileType = text.xcconfig; name = "Pods-SkyPay.release.xcconfig"; path = "Pods/Target Support Files/Pods-SkyPay/Pods-SkyPay.release.xcconfig"; sourceTree = "<group>"; };
/* End PBXFileReference section */

/* Begin PBXFrameworksBuildPhase section */
		954B466C1EC3600600DDC7FA /* Frameworks */ = {
			isa = PBXFrameworksBuildPhase;
			buildActionMask = 2147483647;
			files = (
				1BF4289E476B0619FBC5F318 /* Pods_SkyPay.framework in Frameworks */,
			);
			runOnlyForDeploymentPostprocessing = 0;
		};
/* End PBXFrameworksBuildPhase section */

/* Begin PBXGroup section */
		3C4634AB5ADE88656D81111B /* Pods */ = {
			isa = PBXGroup;
			children = (
				761B2BB808D25716E92BFADA /* Pods-SkyPay.debug.xcconfig */,
				FF71008EC60809AB3177F88A /* Pods-SkyPay.release.xcconfig */,
			);
			name = Pods;
			sourceTree = "<group>";
		};
		954B46661EC3600600DDC7FA = {
			isa = PBXGroup;
			children = (
				954B46711EC3600600DDC7FA /* SkyPay */,
				954B46701EC3600600DDC7FA /* Products */,
				3C4634AB5ADE88656D81111B /* Pods */,
				9E27DC0CE4930A6F1E7A1154 /* Frameworks */,
			);
			sourceTree = "<group>";
		};
		954B46701EC3600600DDC7FA /* Products */ = {
			isa = PBXGroup;
			children = (
				954B466F1EC3600600DDC7FA /* SkyPay.app */,
			);
			name = Products;
			sourceTree = "<group>";
		};
		954B46711EC3600600DDC7FA /* SkyPay */ = {
			isa = PBXGroup;
			children = (
				958D36D72038199600DEA6A8 /* SpyPay-Bridging-Header.h */,
				954B46811EC3600600DDC7FA /* Info.plist */,
				95F0179B2031F2DA002B4660 /* helpers */,
				95F0179D2031F346002B4660 /* Storyboards */,
				95F0179C2031F336002B4660 /* viewController */,
				959755B11EF502BF003E1F26 /* Constants.swift */,
				95F01759202DBAAA002B4660 /* NetworkEngine.swift */,
				95F017992031EB26002B4660 /* utlis.swift */,
				95B4D7821EC3738D00CB0F6F /* Assets.xcassets */,
			);
			path = SkyPay;
			sourceTree = "<group>";
		};
		958072611EEDA890002F7AAC /* SWRevealViewController */ = {
			isa = PBXGroup;
			children = (
				95546CF21F12B80F00295A4C /* SWRevealViewController.h */,
				95546CF11F12B80F00295A4C /* SWRevealViewController.m */,
			);
			name = SWRevealViewController;
			path = "New Group";
			sourceTree = "<group>";
		};
		958784E21EDDC54E0088E51F /* Fonts */ = {
			isa = PBXGroup;
			children = (
				958784E31EDDCEB70088E51F /* DidotHTFB11Bold.ttf */,
				952B2C8F1EDB3862001C8D50 /* SF-UI-Display-Medium.otf */,
				952B2C901EDB3862001C8D50 /* SF-UI-Display-Regular.otf */,
				952B2C911EDB3862001C8D50 /* SF-UI-Display-Thin.otf */,
			);
			name = Fonts;
			path = ..;
			sourceTree = "<group>";
		};
		95907D441F12AC120070C7A5 /* QR reader */ = {
			isa = PBXGroup;
			children = (
				95907D4C1F12AC120070C7A5 /* QRCodeReader.swift */,
				95907D4D1F12AC120070C7A5 /* QRCodeReaderResult.swift */,
				95907D4E1F12AC120070C7A5 /* QRCodeReaderView.swift */,
				95907D4F1F12AC120070C7A5 /* QRCodeReaderViewContainer.swift */,
				95907D501F12AC120070C7A5 /* QRCodeReaderViewController.swift */,
				95907D511F12AC120070C7A5 /* QRCodeReaderViewControllerBuilder.swift */,
				95907D521F12AC120070C7A5 /* QRCodeReaderViewControllerDelegate.swift */,
				95907D531F12AC120070C7A5 /* ReaderOverlayView.swift */,
				95907D541F12AC120070C7A5 /* SwitchCameraButton.swift */,
				95907D551F12AC120070C7A5 /* ToggleTorchButton.swift */,
			);
			path = "QR reader";
			sourceTree = "<group>";
		};
		95F0179B2031F2DA002B4660 /* helpers */ = {
			isa = PBXGroup;
			children = (
				958784E21EDDC54E0088E51F /* Fonts */,
				958072611EEDA890002F7AAC /* SWRevealViewController */,
				95907D441F12AC120070C7A5 /* QR reader */,
				9580725A1EEC9191002F7AAC /* ExchangeRateTableViewCell.swift */,
				959755B31EF54628003E1F26 /* TransactionHistoryTableViewCell.swift */,
				95BB05811EF5B78A00223C88 /* RippleEffect.swift */,
				954B46721EC3600600DDC7FA /* AppDelegate.swift */,
				952B2C8B1EDB1EAA001C8D50 /* GoogleService-Info.plist */,
			);
			path = helpers;
			sourceTree = "<group>";
		};
		95F0179C2031F336002B4660 /* viewController */ = {
			isa = PBXGroup;
			children = (
				952B2C891EDB1A71001C8D50 /* LoginViewController.swift */,
				95EDD58E1F03D58B002AADC4 /* SignupViewController.swift */,
				958072581EEC916F002F7AAC /* ExchangeRateViewController.swift */,
				95D23A2B1EF6F2DF00F256F2 /* ProfileViewController.swift */,
				9534515F1EF4793500C17C59 /* StartPageViewController.swift */,
				959755B51EF553DA003E1F26 /* sendBitcoinViewController.swift */,
			);
			path = viewController;
			sourceTree = "<group>";
		};
		95F0179D2031F346002B4660 /* Storyboards */ = {
			isa = PBXGroup;
			children = (
				955B90722021BEAE00939FFF /* LaunchScreen.storyboard */,
				955B906F2021BE1900939FFF /* Main.storyboard */,
			);
			path = Storyboards;
			sourceTree = "<group>";
		};
		9E27DC0CE4930A6F1E7A1154 /* Frameworks */ = {
			isa = PBXGroup;
			children = (
				BA06760B3901502A1CA72006 /* Pods_SkyPay.framework */,
			);
			name = Frameworks;
			sourceTree = "<group>";
		};
/* End PBXGroup section */

/* Begin PBXNativeTarget section */
		954B466E1EC3600600DDC7FA /* SkyPay */ = {
			isa = PBXNativeTarget;
			buildConfigurationList = 954B46841EC3600600DDC7FA /* Build configuration list for PBXNativeTarget "SkyPay" */;
			buildPhases = (
				CA450EB987913900FB512F1A /* [CP] Check Pods Manifest.lock */,
				954B466B1EC3600600DDC7FA /* Sources */,
				954B466C1EC3600600DDC7FA /* Frameworks */,
				954B466D1EC3600600DDC7FA /* Resources */,
				0DDC31F8624A8F811EDCFEF8 /* [CP] Embed Pods Frameworks */,
				C56ED7734C4423A87F0DD132 /* [CP] Copy Pods Resources */,
			);
			buildRules = (
			);
			dependencies = (
			);
			name = SkyPay;
			productName = SkyPay;
			productReference = 954B466F1EC3600600DDC7FA /* SkyPay.app */;
			productType = "com.apple.product-type.application";
		};
/* End PBXNativeTarget section */

/* Begin PBXProject section */
		954B46671EC3600600DDC7FA /* Project object */ = {
			isa = PBXProject;
			attributes = {
				LastSwiftUpdateCheck = 0820;
				LastUpgradeCheck = 0820;
				ORGANIZATIONNAME = "Saransh Mittal";
				TargetAttributes = {
					954B466E1EC3600600DDC7FA = {
						CreatedOnToolsVersion = 8.2.1;
						DevelopmentTeam = JCRFV5ZL52;
						LastSwiftMigration = 0900;
						ProvisioningStyle = Automatic;
					};
				};
			};
			buildConfigurationList = 954B466A1EC3600600DDC7FA /* Build configuration list for PBXProject "SkyPay" */;
			compatibilityVersion = "Xcode 3.2";
			developmentRegion = English;
			hasScannedForEncodings = 0;
			knownRegions = (
				en,
				Base,
			);
			mainGroup = 954B46661EC3600600DDC7FA;
			productRefGroup = 954B46701EC3600600DDC7FA /* Products */;
			projectDirPath = "";
			projectRoot = "";
			targets = (
				954B466E1EC3600600DDC7FA /* SkyPay */,
			);
		};
/* End PBXProject section */

/* Begin PBXResourcesBuildPhase section */
		954B466D1EC3600600DDC7FA /* Resources */ = {
			isa = PBXResourcesBuildPhase;
			buildActionMask = 2147483647;
			files = (
				952B2C921EDB38DD001C8D50 /* SF-UI-Display-Medium.otf in Resources */,
				955B90732021BEAE00939FFF /* LaunchScreen.storyboard in Resources */,
				952B2C931EDB38DD001C8D50 /* SF-UI-Display-Regular.otf in Resources */,
				952B2C941EDB38DD001C8D50 /* SF-UI-Display-Thin.otf in Resources */,
				955B90712021BE1900939FFF /* Main.storyboard in Resources */,
				958784E41EDDCEC30088E51F /* DidotHTFB11Bold.ttf in Resources */,
				952B2C8C1EDB1EAA001C8D50 /* GoogleService-Info.plist in Resources */,
				95B4D7831EC3738D00CB0F6F /* Assets.xcassets in Resources */,
			);
			runOnlyForDeploymentPostprocessing = 0;
		};
/* End PBXResourcesBuildPhase section */

/* Begin PBXShellScriptBuildPhase section */
		0DDC31F8624A8F811EDCFEF8 /* [CP] Embed Pods Frameworks */ = {
			isa = PBXShellScriptBuildPhase;
			buildActionMask = 2147483647;
			files = (
			);
			inputPaths = (
				"${SRCROOT}/Pods/Target Support Files/Pods-SkyPay/Pods-SkyPay-frameworks.sh",
				"${BUILT_PRODUCTS_DIR}/Alamofire/Alamofire.framework",
				"${BUILT_PRODUCTS_DIR}/GTMSessionFetcher/GTMSessionFetcher.framework",
				"${BUILT_PRODUCTS_DIR}/GoogleToolboxForMac/GoogleToolboxForMac.framework",
				"${BUILT_PRODUCTS_DIR}/PromiseKit/PromiseKit.framework",
				"${BUILT_PRODUCTS_DIR}/Protobuf/Protobuf.framework",
				"${BUILT_PRODUCTS_DIR}/WVCheckMark/WVCheckMark.framework",
			);
			name = "[CP] Embed Pods Frameworks";
			outputPaths = (
				"${TARGET_BUILD_DIR}/${FRAMEWORKS_FOLDER_PATH}/Alamofire.framework",
				"${TARGET_BUILD_DIR}/${FRAMEWORKS_FOLDER_PATH}/GTMSessionFetcher.framework",
				"${TARGET_BUILD_DIR}/${FRAMEWORKS_FOLDER_PATH}/GoogleToolboxForMac.framework",
				"${TARGET_BUILD_DIR}/${FRAMEWORKS_FOLDER_PATH}/PromiseKit.framework",
				"${TARGET_BUILD_DIR}/${FRAMEWORKS_FOLDER_PATH}/Protobuf.framework",
				"${TARGET_BUILD_DIR}/${FRAMEWORKS_FOLDER_PATH}/WVCheckMark.framework",
			);
			runOnlyForDeploymentPostprocessing = 0;
			shellPath = /bin/sh;
			shellScript = "\"${SRCROOT}/Pods/Target Support Files/Pods-SkyPay/Pods-SkyPay-frameworks.sh\"\n";
			showEnvVarsInLog = 0;
		};
		C56ED7734C4423A87F0DD132 /* [CP] Copy Pods Resources */ = {
			isa = PBXShellScriptBuildPhase;
			buildActionMask = 2147483647;
			files = (
			);
			inputPaths = (
			);
			name = "[CP] Copy Pods Resources";
			outputPaths = (
			);
			runOnlyForDeploymentPostprocessing = 0;
			shellPath = /bin/sh;
			shellScript = "\"${SRCROOT}/Pods/Target Support Files/Pods-SkyPay/Pods-SkyPay-resources.sh\"\n";
			showEnvVarsInLog = 0;
		};
		CA450EB987913900FB512F1A /* [CP] Check Pods Manifest.lock */ = {
			isa = PBXShellScriptBuildPhase;
			buildActionMask = 2147483647;
			files = (
			);
			inputPaths = (
				"${PODS_PODFILE_DIR_PATH}/Podfile.lock",
				"${PODS_ROOT}/Manifest.lock",
			);
			name = "[CP] Check Pods Manifest.lock";
			outputPaths = (
				"$(DERIVED_FILE_DIR)/Pods-SkyPay-checkManifestLockResult.txt",
			);
			runOnlyForDeploymentPostprocessing = 0;
			shellPath = /bin/sh;
			shellScript = "diff \"${PODS_PODFILE_DIR_PATH}/Podfile.lock\" \"${PODS_ROOT}/Manifest.lock\" > /dev/null\nif [ $? != 0 ] ; then\n    # print error to STDERR\n    echo \"error: The sandbox is not in sync with the Podfile.lock. Run 'pod install' or update your CocoaPods installation.\" >&2\n    exit 1\nfi\n# This output is used by Xcode 'outputs' to avoid re-running this script phase.\necho \"SUCCESS\" > \"${SCRIPT_OUTPUT_FILE_0}\"\n";
			showEnvVarsInLog = 0;
		};
/* End PBXShellScriptBuildPhase section */

/* Begin PBXSourcesBuildPhase section */
		954B466B1EC3600600DDC7FA /* Sources */ = {
			isa = PBXSourcesBuildPhase;
			buildActionMask = 2147483647;
			files = (
				95907D5B1F12AC440070C7A5 /* QRCodeReaderViewController.swift in Sources */,
				95907D581F12AC440070C7A5 /* QRCodeReaderResult.swift in Sources */,
				952B2C8A1EDB1A71001C8D50 /* LoginViewController.swift in Sources */,
				95546CF31F12B82700295A4C /* SWRevealViewController.m in Sources */,
				958072591EEC916F002F7AAC /* ExchangeRateViewController.swift in Sources */,
				959755B21EF502BF003E1F26 /* Constants.swift in Sources */,
				953451601EF4793500C17C59 /* StartPageViewController.swift in Sources */,
				95AA3F191F03D75800286581 /* SignupViewController.swift in Sources */,
				95D23A2C1EF6F2DF00F256F2 /* ProfileViewController.swift in Sources */,
				959755B61EF553DA003E1F26 /* sendBitcoinViewController.swift in Sources */,
				95907D601F12AC440070C7A5 /* ToggleTorchButton.swift in Sources */,
				9580725B1EEC9191002F7AAC /* ExchangeRateTableViewCell.swift in Sources */,
				959755B41EF54628003E1F26 /* TransactionHistoryTableViewCell.swift in Sources */,
				95F0175A202DBAAA002B4660 /* NetworkEngine.swift in Sources */,
				95907D5A1F12AC440070C7A5 /* QRCodeReaderViewContainer.swift in Sources */,
				95907D571F12AC3D0070C7A5 /* QRCodeReader.swift in Sources */,
				95907D5D1F12AC440070C7A5 /* QRCodeReaderViewControllerDelegate.swift in Sources */,
				95907D5C1F12AC440070C7A5 /* QRCodeReaderViewControllerBuilder.swift in Sources */,
				95907D591F12AC440070C7A5 /* QRCodeReaderView.swift in Sources */,
				95907D5E1F12AC440070C7A5 /* ReaderOverlayView.swift in Sources */,
				954B46731EC3600600DDC7FA /* AppDelegate.swift in Sources */,
				95F0179A2031EB26002B4660 /* utlis.swift in Sources */,
				95907D5F1F12AC440070C7A5 /* SwitchCameraButton.swift in Sources */,
				95BB05821EF5B78A00223C88 /* RippleEffect.swift in Sources */,
			);
			runOnlyForDeploymentPostprocessing = 0;
		};
/* End PBXSourcesBuildPhase section */

/* Begin XCBuildConfiguration section */
		954B46821EC3600600DDC7FA /* Debug */ = {
			isa = XCBuildConfiguration;
			buildSettings = {
				ALWAYS_SEARCH_USER_PATHS = NO;
				CLANG_ANALYZER_NONNULL = YES;
				CLANG_CXX_LANGUAGE_STANDARD = "gnu++0x";
				CLANG_CXX_LIBRARY = "libc++";
				CLANG_ENABLE_MODULES = YES;
				CLANG_ENABLE_OBJC_ARC = YES;
				CLANG_WARN_BOOL_CONVERSION = YES;
				CLANG_WARN_CONSTANT_CONVERSION = YES;
				CLANG_WARN_DIRECT_OBJC_ISA_USAGE = YES_ERROR;
				CLANG_WARN_DOCUMENTATION_COMMENTS = YES;
				CLANG_WARN_EMPTY_BODY = YES;
				CLANG_WARN_ENUM_CONVERSION = YES;
				CLANG_WARN_INFINITE_RECURSION = YES;
				CLANG_WARN_INT_CONVERSION = YES;
				CLANG_WARN_OBJC_ROOT_CLASS = YES_ERROR;
				CLANG_WARN_SUSPICIOUS_MOVE = YES;
				CLANG_WARN_UNREACHABLE_CODE = YES;
				CLANG_WARN__DUPLICATE_METHOD_MATCH = YES;
				"CODE_SIGN_IDENTITY[sdk=iphoneos*]" = "iPhone Developer";
				COPY_PHASE_STRIP = NO;
				DEBUG_INFORMATION_FORMAT = dwarf;
				ENABLE_STRICT_OBJC_MSGSEND = YES;
				ENABLE_TESTABILITY = YES;
				GCC_C_LANGUAGE_STANDARD = gnu99;
				GCC_DYNAMIC_NO_PIC = NO;
				GCC_NO_COMMON_BLOCKS = YES;
				GCC_OPTIMIZATION_LEVEL = 0;
				GCC_PREPROCESSOR_DEFINITIONS = (
					"DEBUG=1",
					"$(inherited)",
				);
				GCC_WARN_64_TO_32_BIT_CONVERSION = YES;
				GCC_WARN_ABOUT_RETURN_TYPE = YES_ERROR;
				GCC_WARN_UNDECLARED_SELECTOR = YES;
				GCC_WARN_UNINITIALIZED_AUTOS = YES_AGGRESSIVE;
				GCC_WARN_UNUSED_FUNCTION = YES;
				GCC_WARN_UNUSED_VARIABLE = YES;
				IPHONEOS_DEPLOYMENT_TARGET = 10.2;
				MTL_ENABLE_DEBUG_INFO = YES;
				ONLY_ACTIVE_ARCH = YES;
				SDKROOT = iphoneos;
				SWIFT_ACTIVE_COMPILATION_CONDITIONS = DEBUG;
				SWIFT_OPTIMIZATION_LEVEL = "-Onone";
			};
			name = Debug;
		};
		954B46831EC3600600DDC7FA /* Release */ = {
			isa = XCBuildConfiguration;
			buildSettings = {
				ALWAYS_SEARCH_USER_PATHS = NO;
				CLANG_ANALYZER_NONNULL = YES;
				CLANG_CXX_LANGUAGE_STANDARD = "gnu++0x";
				CLANG_CXX_LIBRARY = "libc++";
				CLANG_ENABLE_MODULES = YES;
				CLANG_ENABLE_OBJC_ARC = YES;
				CLANG_WARN_BOOL_CONVERSION = YES;
				CLANG_WARN_CONSTANT_CONVERSION = YES;
				CLANG_WARN_DIRECT_OBJC_ISA_USAGE = YES_ERROR;
				CLANG_WARN_DOCUMENTATION_COMMENTS = YES;
				CLANG_WARN_EMPTY_BODY = YES;
				CLANG_WARN_ENUM_CONVERSION = YES;
				CLANG_WARN_INFINITE_RECURSION = YES;
				CLANG_WARN_INT_CONVERSION = YES;
				CLANG_WARN_OBJC_ROOT_CLASS = YES_ERROR;
				CLANG_WARN_SUSPICIOUS_MOVE = YES;
				CLANG_WARN_UNREACHABLE_CODE = YES;
				CLANG_WARN__DUPLICATE_METHOD_MATCH = YES;
				"CODE_SIGN_IDENTITY[sdk=iphoneos*]" = "iPhone Developer";
				COPY_PHASE_STRIP = NO;
				DEBUG_INFORMATION_FORMAT = "dwarf-with-dsym";
				ENABLE_NS_ASSERTIONS = NO;
				ENABLE_STRICT_OBJC_MSGSEND = YES;
				GCC_C_LANGUAGE_STANDARD = gnu99;
				GCC_NO_COMMON_BLOCKS = YES;
				GCC_WARN_64_TO_32_BIT_CONVERSION = YES;
				GCC_WARN_ABOUT_RETURN_TYPE = YES_ERROR;
				GCC_WARN_UNDECLARED_SELECTOR = YES;
				GCC_WARN_UNINITIALIZED_AUTOS = YES_AGGRESSIVE;
				GCC_WARN_UNUSED_FUNCTION = YES;
				GCC_WARN_UNUSED_VARIABLE = YES;
				IPHONEOS_DEPLOYMENT_TARGET = 10.2;
				MTL_ENABLE_DEBUG_INFO = NO;
				SDKROOT = iphoneos;
				SWIFT_OPTIMIZATION_LEVEL = "-Owholemodule";
				VALIDATE_PRODUCT = YES;
			};
			name = Release;
		};
		954B46851EC3600600DDC7FA /* Debug */ = {
			isa = XCBuildConfiguration;
			baseConfigurationReference = 761B2BB808D25716E92BFADA /* Pods-SkyPay.debug.xcconfig */;
			buildSettings = {
				ASSETCATALOG_COMPILER_APPICON_NAME = AppIcon;
				CLANG_ENABLE_MODULES = YES;
				DEVELOPMENT_TEAM = JCRFV5ZL52;
				INFOPLIST_FILE = SkyPay/Info.plist;
				LD_RUNPATH_SEARCH_PATHS = "$(inherited) @executable_path/Frameworks";
				PRODUCT_BUNDLE_IDENTIFIER = com.skyblue.SkyPay;
				PRODUCT_NAME = "$(TARGET_NAME)";
				SWIFT_OBJC_BRIDGING_HEADER = "SkyPay/SpyPay-Bridging-Header.h";
				SWIFT_OPTIMIZATION_LEVEL = "-Onone";
				SWIFT_VERSION = 3.0;
			};
			name = Debug;
		};
		954B46861EC3600600DDC7FA /* Release */ = {
			isa = XCBuildConfiguration;
			baseConfigurationReference = FF71008EC60809AB3177F88A /* Pods-SkyPay.release.xcconfig */;
			buildSettings = {
				ASSETCATALOG_COMPILER_APPICON_NAME = AppIcon;
				CLANG_ENABLE_MODULES = YES;
				DEVELOPMENT_TEAM = JCRFV5ZL52;
				INFOPLIST_FILE = SkyPay/Info.plist;
				LD_RUNPATH_SEARCH_PATHS = "$(inherited) @executable_path/Frameworks";
				PRODUCT_BUNDLE_IDENTIFIER = com.skyblue.SkyPay;
				PRODUCT_NAME = "$(TARGET_NAME)";
				SWIFT_OBJC_BRIDGING_HEADER = "SkyPay/SpyPay-Bridging-Header.h";
				SWIFT_VERSION = 3.0;
			};
			name = Release;
		};
/* End XCBuildConfiguration section */

/* Begin XCConfigurationList section */
		954B466A1EC3600600DDC7FA /* Build configuration list for PBXProject "SkyPay" */ = {
			isa = XCConfigurationList;
			buildConfigurations = (
				954B46821EC3600600DDC7FA /* Debug */,
				954B46831EC3600600DDC7FA /* Release */,
			);
			defaultConfigurationIsVisible = 0;
			defaultConfigurationName = Release;
		};
		954B46841EC3600600DDC7FA /* Build configuration list for PBXNativeTarget "SkyPay" */ = {
			isa = XCConfigurationList;
			buildConfigurations = (
				954B46851EC3600600DDC7FA /* Debug */,
				954B46861EC3600600DDC7FA /* Release */,
			);
			defaultConfigurationIsVisible = 0;
			defaultConfigurationName = Release;
		};
/* End XCConfigurationList section */
	};
	rootObject = 954B46671EC3600600DDC7FA /* Project object */;
}
